
Microsoft Visual Studio Solution File, Format Version 12.00
# Visual Studio Version 16
VisualStudioVersion = 16.0.29409.12
MinimumVisualStudioVersion = 10.0.40219.1
Project("{FAE04EC0-301F-11D3-BF4B-00C04F79EFBC}") = "INTERGRAPH", "INTERGRAPH.csproj", "{D1B08A89-83BF-4AB1-BC1A-1A9F47320BF4}"
EndProject
Global
	GlobalSection(SolutionConfigurationPlatforms) = preSolution
		Debug|Any CPU = Debug|Any CPU
		Release|Any CPU = Release|Any CPU
	EndGlobalSection
	GlobalSection(ProjectConfigurationPlatforms) = postSolution
		{D1B08A89-83BF-4AB1-BC1A-1A9F47320BF4}.Debug|Any CPU.ActiveCfg = Debug|Any CPU
		{D1B08A89-83BF-4AB1-BC1A-1A9F47320BF4}.Debug|Any CPU.Build.0 = Debug|Any CPU
		{D1B08A89-83BF-4AB1-BC1A-1A9F47320BF4}.Release|Any CPU.ActiveCfg = Release|Any CPU
		{D1B08A89-83BF-4AB1-BC1A-1A9F47320BF4}.Release|Any CPU.Build.0 = Release|Any CPU
	EndGlobalSection
	GlobalSection(SolutionProperties) = preSolution
		HideSolutionNode = FALSE
	EndGlobalSection
	GlobalSection(ExtensibilityGlobals) = postSolution
		SolutionGuid = {B8776C76-3A46-4A9E-B840-53FFCAC76DCE}
	EndGlobalSection
EndGlobal
